
Microsoft Visual Studio Solution File, Format Version 12.00
# Visual Studio Version 17
VisualStudioVersion = 17.1.32421.90
MinimumVisualStudioVersion = 10.0.40219.1
Project("{FAE04EC0-301F-11D3-BF4B-00C04F79EFBC}") = "WPFTest", "WPFTest\WPFTest.csproj", "{78609627-7214-4F69-AA4C-AF16FCACC856}"
EndProject
Global
	GlobalSection(SolutionConfigurationPlatforms) = preSolution
		Debug|Any CPU = Debug|Any CPU
		Release|Any CPU = Release|Any CPU
	EndGlobalSection
	GlobalSection(ProjectConfigurationPlatforms) = postSolution
		{78609627-7214-4F69-AA4C-AF16FCACC856}.Debug|Any CPU.ActiveCfg = Debug|Any CPU
		{78609627-7214-4F69-AA4C-AF16FCACC856}.Debug|Any CPU.Build.0 = Debug|Any CPU
		{78609627-7214-4F69-AA4C-AF16FCACC856}.Release|Any CPU.ActiveCfg = Release|Any CPU
		{78609627-7214-4F69-AA4C-AF16FCACC856}.Release|Any CPU.Build.0 = Release|Any CPU
	EndGlobalSection
	GlobalSection(SolutionProperties) = preSolution
		HideSolutionNode = FALSE
	EndGlobalSection
	GlobalSection(ExtensibilityGlobals) = postSolution
		SolutionGuid = {1286A8DF-15D2-4F41-9D5D-4AE985C0E556}
	EndGlobalSection
EndGlobal
